
Microsoft Visual Studio Solution File, Format Version 12.00
# Visual Studio Version 16
VisualStudioVersion = 16.0.29806.167
MinimumVisualStudioVersion = 10.0.40219.1
Project("{9A19103F-16F7-4668-BE54-9A1E7A4F7556}") = "1-task", "1-task\1-task.csproj", "{C4AE9ADC-69A6-4B47-A15B-2673654739A9}"
EndProject
Project("{9A19103F-16F7-4668-BE54-9A1E7A4F7556}") = "2-task", "2-task\2-task.csproj", "{7D3FC0D8-BF18-45E6-93F5-00FD25CDB12D}"
EndProject
Project("{FAE04EC0-301F-11D3-BF4B-00C04F79EFBC}") = "3-task", "3-task\3-task.csproj", "{9517C96B-0C84-4491-8FE5-EA98DB752D00}"
EndProject
Global
	GlobalSection(SolutionConfigurationPlatforms) = preSolution
		Debug|Any CPU = Debug|Any CPU
		Release|Any CPU = Release|Any CPU
	EndGlobalSection
	GlobalSection(ProjectConfigurationPlatforms) = postSolution
		{C4AE9ADC-69A6-4B47-A15B-2673654739A9}.Debug|Any CPU.ActiveCfg = Debug|Any CPU
		{C4AE9ADC-69A6-4B47-A15B-2673654739A9}.Debug|Any CPU.Build.0 = Debug|Any CPU
		{C4AE9ADC-69A6-4B47-A15B-2673654739A9}.Release|Any CPU.ActiveCfg = Release|Any CPU
		{C4AE9ADC-69A6-4B47-A15B-2673654739A9}.Release|Any CPU.Build.0 = Release|Any CPU
		{7D3FC0D8-BF18-45E6-93F5-00FD25CDB12D}.Debug|Any CPU.ActiveCfg = Debug|Any CPU
		{7D3FC0D8-BF18-45E6-93F5-00FD25CDB12D}.Debug|Any CPU.Build.0 = Debug|Any CPU
		{7D3FC0D8-BF18-45E6-93F5-00FD25CDB12D}.Release|Any CPU.ActiveCfg = Release|Any CPU
		{7D3FC0D8-BF18-45E6-93F5-00FD25CDB12D}.Release|Any CPU.Build.0 = Release|Any CPU
		{9517C96B-0C84-4491-8FE5-EA98DB752D00}.Debug|Any CPU.ActiveCfg = Debug|Any CPU
		{9517C96B-0C84-4491-8FE5-EA98DB752D00}.Debug|Any CPU.Build.0 = Debug|Any CPU
		{9517C96B-0C84-4491-8FE5-EA98DB752D00}.Release|Any CPU.ActiveCfg = Release|Any CPU
		{9517C96B-0C84-4491-8FE5-EA98DB752D00}.Release|Any CPU.Build.0 = Release|Any CPU
	EndGlobalSection
	GlobalSection(SolutionProperties) = preSolution
		HideSolutionNode = FALSE
	EndGlobalSection
	GlobalSection(ExtensibilityGlobals) = postSolution
		SolutionGuid = {CD0A5BA8-53DE-4148-8682-8403F3386D43}
	EndGlobalSection
EndGlobal
